<?xml version="1.0" encoding="utf-8"?>
<Project ToolsVersion="4.0" xmlns="http://schemas.microsoft.com/developer/msbuild/2003">
  <ItemGroup>
    <Filter Include="Source Files">
      <UniqueIdentifier>{4FC737F1-C7A5-4376-A066-2A32D752A2FF}</UniqueIdentifier>
      <Extensions>cpp;c;cc;cxx;c++;cppm;ixx;def;odl;idl;hpj;bat;asm;asmx</Extensions>
    </Filter>
    <Filter Include="Header Files">
      <UniqueIdentifier>{93995380-89BD-4b04-88EB-625FBE52EBFB}</UniqueIdentifier>
      <Extensions>h;hh;hpp;hxx;h++;hm;inl;inc;ipp;xsd</Extensions>
    </Filter>
    <Filter Include="Resource Files">
      <UniqueIdentifier>{67DA6AB6-F800-4c08-8B7A-83BB121AAD01}</UniqueIdentifier>
      <Extensions>rc;ico;cur;bmp;dlg;rc2;rct;bin;rgs;gif;jpg;jpeg;jpe;resx;tiff;tif;png;wav;mfcribbon-ms</Extensions>
    </Filter>
  </ItemGroup>
  <ItemGroup>
    <ClCompile Include="Source\Main.cpp">
      <Filter>Source Files</Filter>
    </ClCompile>
    <ClCompile Include="Source\pch\pch.cpp">
      <Filter>Source Files</Filter>
    </ClCompile>
    <ClCompile Include="Source\Game.cpp">
      <Filter>Source Files</Filter>
    </ClCompile>
    <ClCompile Include="Source\managers\StateManager.cpp">
      <Filter>Source Files</Filter>
    </ClCompile>
    <ClCompile Include="Source\states\State.cpp">
      <Filter>Source Files</Filter>
    </ClCompile>
    <ClCompile Include="Source\states\MenuState.cpp">
      <Filter>Source Files</Filter>
    </ClCompile>
    <ClCompile Include="Source\states\GameState.cpp">
      <Filter>Source Files</Filter>
    </ClCompile>
    <ClCompile Include="Source\states\PauseState.cpp">
      <Filter>Source Files</Filter>
    </ClCompile>
    <ClCompile Include="Source\states\GameOverState.cpp">
      <Filter>Source Files</Filter>
    </ClCompile>
    <ClCompile Include="Source\factories\BulletFactory.cpp">
      <Filter>Source Files</Filter>
    </ClCompile>
    <ClCompile Include="Source\gui\Image.cpp">
      <Filter>Source Files</Filter>
    </ClCompile>
    <ClCompile Include="Source\gui\Button.cpp">
      <Filter>Source Files</Filter>
    </ClCompile>
    <ClCompile Include="Source\gui\Label.cpp">
      <Filter>Source Files</Filter>
    </ClCompile>
    <ClCompile Include="Source\entities\agents\Enemy.cpp">
      <Filter>Source Files</Filter>
    </ClCompile>
    <ClCompile Include="Source\entities\agents\Player.cpp">
      <Filter>Source Files</Filter>
    </ClCompile>
    <ClCompile Include="Source\entities\Entity.cpp">
      <Filter>Source Files</Filter>
    </ClCompile>
    <ClCompile Include="Source\entities\Pickup.cpp">
      <Filter>Source Files</Filter>
    </ClCompile>
    <ClCompile Include="Source\entities\agents\Boss.cpp">
      <Filter>Source Files</Filter>
    </ClCompile>
    <ClCompile Include="Source\entities\Bullet.cpp">
      <Filter>Source Files</Filter>
    </ClCompile>
    <ClCompile Include="Source\gui\Widget.cpp">
      <Filter>Source Files</Filter>
    </ClCompile>
    <ClCompile Include="Source\states\TitleState.cpp">
      <Filter>Source Files</Filter>
    </ClCompile>
    <ClCompile Include="Source\factories\PickupFactory.cpp">
      <Filter>Source Files</Filter>
    </ClCompile>
    <ClCompile Include="Source\managers\CollisionManager.cpp">
      <Filter>Source Files</Filter>
    </ClCompile>
    <ClCompile Include="Source\managers\LevelManager.cpp">
      <Filter>Source Files</Filter>
    </ClCompile>
    <ClCompile Include="Source\level\Level.cpp">
      <Filter>Source Files</Filter>
    </ClCompile>
    <ClCompile Include="Source\states\LevelSelectState.cpp">
      <Filter>Source Files</Filter>
    </ClCompile>
    <ClCompile Include="Source\states\SettingsState.cpp">
      <Filter>Source Files</Filter>
    </ClCompile>
    <ClCompile Include="Source\managers\EntityManager.cpp">
      <Filter>Source Files</Filter>
    </ClCompile>
    <ClCompile Include="Source\entities\Weapon.cpp">
      <Filter>Source Files</Filter>
    </ClCompile>
    <ClCompile Include="Source\spawners\BulletSpawner.cpp">
      <Filter>Source Files</Filter>
    </ClCompile>
    <ClCompile Include="Source\hud\HUD.cpp">
      <Filter>Source Files</Filter>
    </ClCompile>
    <ClCompile Include="Source\communication\dispatcher\Dispatcher.cpp">
      <Filter>Source Files</Filter>
    </ClCompile>
    <ClCompile Include="Source\communication\events\Event.cpp">
      <Filter>Source Files</Filter>
    </ClCompile>
    <ClCompile Include="Source\managers\AudioManager.cpp">
      <Filter>Source Files</Filter>
    </ClCompile>
    <ClCompile Include="Source\entities\agents\Agent.cpp">
      <Filter>Source Files</Filter>
    </ClCompile>
    <ClCompile Include="Source\factories\AgentFactory.cpp">
      <Filter>Source Files</Filter>
    </ClCompile>
    <ClCompile Include="Source\input\InputMapper.cpp">
      <Filter>Source Files</Filter>
    </ClCompile>
    <ClCompile Include="Source\spawners\EnemySpawner.cpp">
      <Filter>Source Files</Filter>
    </ClCompile>
    <ClCompile Include="Source\commands\Commands.cpp">
      <Filter>Source Files</Filter>
    </ClCompile>
    <ClCompile Include="Source\spawners\PickupSpawner.cpp">
      <Filter>Source Files</Filter>
    </ClCompile>
    <ClCompile Include="Source\entities\Asteroid.cpp">
      <Filter>Source Files</Filter>
    </ClCompile>
    <ClCompile Include="Source\colliders\BoxCollider\BoxCollider.cpp">
      <Filter>Source Files</Filter>
    </ClCompile>
    <ClCompile Include="Source\colliders\CircleCollider\CircleCollider.cpp">
      <Filter>Source Files</Filter>
    </ClCompile>
    <ClCompile Include="Source\colliders\LineCollider\LineCollider.cpp">
      <Filter>Source Files</Filter>
    </ClCompile>
    <ClCompile Include="Source\factories\ColliderFactory.cpp">
      <Filter>Source Files</Filter>
    </ClCompile>
    <ClCompile Include="Source\colliders\CollisionObject\CollisionObject.cpp">
      <Filter>Source Files</Filter>
    </ClCompile>
    <ClCompile Include="Source\factories\GuiFactory.cpp">
      <Filter>Source Files</Filter>
    </ClCompile>
    <ClCompile Include="Source\factories\ObstacleFactory.cpp">
      <Filter>Source Files</Filter>
    </ClCompile>
    <ClCompile Include="Source\systems\ParticleSystem.cpp">
      <Filter>Source Files</Filter>
    </ClCompile>
    <ClCompile Include="Source\effects\Effects.cpp">
      <Filter>Source Files</Filter>
    </ClCompile>
    <ClCompile Include="External\CommonUtilities\DataStructures\Non-Linear\Trees\Quadtree\Quadtree.cpp">
      <Filter>Source Files</Filter>
    </ClCompile>
    <ClCompile Include="Source\map\Tilemap.cpp">
      <Filter>Source Files</Filter>
    </ClCompile>
    <ClCompile Include="Source\map\Tile.cpp">
      <Filter>Source Files</Filter>
    </ClCompile>
  </ItemGroup>
  <ItemGroup>
    <ClInclude Include="Source\pch\pch.h">
      <Filter>Header Files</Filter>
    </ClInclude>
    <ClInclude Include="Source\Game.h">
      <Filter>Header Files</Filter>
    </ClInclude>
    <ClInclude Include="Source\managers\StateManager.h">
      <Filter>Header Files</Filter>
    </ClInclude>
    <ClInclude Include="Source\states\State.h">
      <Filter>Header Files</Filter>
    </ClInclude>
    <ClInclude Include="Source\states\MenuState.h">
      <Filter>Header Files</Filter>
    </ClInclude>
    <ClInclude Include="Source\states\GameState.h">
      <Filter>Header Files</Filter>
    </ClInclude>
    <ClInclude Include="Source\states\PauseState.h">
      <Filter>Header Files</Filter>
    </ClInclude>
    <ClInclude Include="Source\states\GameOverState.h">
      <Filter>Header Files</Filter>
    </ClInclude>
    <ClInclude Include="Source\factories\BulletFactory.h">
      <Filter>Header Files</Filter>
    </ClInclude>
    <ClInclude Include="Source\data\AgentData.h">
      <Filter>Header Files</Filter>
    </ClInclude>
    <ClInclude Include="Source\data\BulletData.h">
      <Filter>Header Files</Filter>
    </ClInclude>
    <ClInclude Include="Source\gui\Label.h">
      <Filter>Header Files</Filter>
    </ClInclude>
    <ClInclude Include="Source\gui\Image.h">
      <Filter>Header Files</Filter>
    </ClInclude>
    <ClInclude Include="Source\gui\Button.h">
      <Filter>Header Files</Filter>
    </ClInclude>
    <ClInclude Include="Source\entities\agents\Enemy.h">
      <Filter>Header Files</Filter>
    </ClInclude>
    <ClInclude Include="Source\managers\ResourceManager.hpp">
      <Filter>Header Files</Filter>
    </ClInclude>
    <ClInclude Include="Source\shared\SharedContext.h">
      <Filter>Header Files</Filter>
    </ClInclude>
    <ClInclude Include="Source\entities\agents\Player.h">
      <Filter>Header Files</Filter>
    </ClInclude>
    <ClInclude Include="Source\entities\Entity.h">
      <Filter>Header Files</Filter>
    </ClInclude>
    <ClInclude Include="Source\entities\Pickup.h">
      <Filter>Header Files</Filter>
    </ClInclude>
    <ClInclude Include="Source\entities\agents\Boss.h">
      <Filter>Header Files</Filter>
    </ClInclude>
    <ClInclude Include="Source\entities\Bullet.h">
      <Filter>Header Files</Filter>
    </ClInclude>
    <ClInclude Include="Source\gui\Widget.h">
      <Filter>Header Files</Filter>
    </ClInclude>
    <ClInclude Include="Source\enums\eStateType.h">
      <Filter>Header Files</Filter>
    </ClInclude>
    <ClInclude Include="Source\fsm\BossState.h">
      <Filter>Header Files</Filter>
    </ClInclude>
    <ClInclude Include="Source\states\TitleState.h">
      <Filter>Header Files</Filter>
    </ClInclude>
    <ClInclude Include="Source\factories\PickupFactory.h">
      <Filter>Header Files</Filter>
    </ClInclude>
    <ClInclude Include="Source\data\PickupData.h">
      <Filter>Header Files</Filter>
    </ClInclude>
    <ClInclude Include="Source\managers\CollisionManager.h">
      <Filter>Header Files</Filter>
    </ClInclude>
    <ClInclude Include="Source\managers\LevelManager.h">
      <Filter>Header Files</Filter>
    </ClInclude>
    <ClInclude Include="Source\level\Level.h">
      <Filter>Header Files</Filter>
    </ClInclude>
    <ClInclude Include="Source\states\LevelSelectState.h">
      <Filter>Header Files</Filter>
    </ClInclude>
    <ClInclude Include="Source\states\SettingsState.h">
      <Filter>Header Files</Filter>
    </ClInclude>
    <ClInclude Include="Source\managers\EntityManager.h">
      <Filter>Header Files</Filter>
    </ClInclude>
    <ClInclude Include="Source\entities\Weapon.h">
      <Filter>Header Files</Filter>
    </ClInclude>
    <ClInclude Include="Source\spawners\BulletSpawner.h">
      <Filter>Header Files</Filter>
    </ClInclude>
    <ClInclude Include="Source\enums\eEvent.h">
      <Filter>Header Files</Filter>
    </ClInclude>
    <ClInclude Include="Source\hud\HUD.h">
      <Filter>Header Files</Filter>
    </ClInclude>
    <ClInclude Include="Source\enums\eMoveDir.h">
      <Filter>Header Files</Filter>
    </ClInclude>
    <ClInclude Include="Source\communication\dispatcher\Dispatcher.h">
      <Filter>Header Files</Filter>
    </ClInclude>
    <ClInclude Include="Source\enums\eBulletType.h">
      <Filter>Header Files</Filter>
    </ClInclude>
    <ClInclude Include="Source\enums\eWeaponType.h">
      <Filter>Header Files</Filter>
    </ClInclude>
    <ClInclude Include="Source\enums\eAgentType.h">
      <Filter>Header Files</Filter>
    </ClInclude>
    <ClInclude Include="Source\communication\subscribers\Subscriber.h">
      <Filter>Header Files</Filter>
    </ClInclude>
    <ClInclude Include="Source\communication\events\Event.h">
      <Filter>Header Files</Filter>
    </ClInclude>
    <ClInclude Include="Source\managers\AudioManager.h">
      <Filter>Header Files</Filter>
    </ClInclude>
    <ClInclude Include="Source\data\WeaponData.h">
      <Filter>Header Files</Filter>
    </ClInclude>
    <ClInclude Include="Source\entities\agents\Agent.h">
      <Filter>Header Files</Filter>
    </ClInclude>
    <ClInclude Include="Source\factories\AgentFactory.h">
      <Filter>Header Files</Filter>
    </ClInclude>
    <ClInclude Include="Source\input\InputMapper.h">
      <Filter>Header Files</Filter>
    </ClInclude>
    <ClInclude Include="Source\spawners\EnemySpawner.h">
      <Filter>Header Files</Filter>
    </ClInclude>
    <ClInclude Include="Source\commands\Command.h">
      <Filter>Header Files</Filter>
    </ClInclude>
    <ClInclude Include="Source\commands\Commands.h">
      <Filter>Header Files</Filter>
    </ClInclude>
    <ClInclude Include="Source\spawners\PickupSpawner.h">
      <Filter>Header Files</Filter>
    </ClInclude>
    <ClInclude Include="Source\entities\Asteroid.h">
      <Filter>Header Files</Filter>
    </ClInclude>
    <ClInclude Include="Source\enums\eCollisionLayer.h">
      <Filter>Header Files</Filter>
    </ClInclude>
    <ClInclude Include="Source\colliders\CollisionObject\CollisionObject.h">
      <Filter>Header Files</Filter>
    </ClInclude>
    <ClInclude Include="External\CommonUtilities\DataStructures\Linear\VectorOnStack.hpp">
      <Filter>Header Files</Filter>
    </ClInclude>
    <ClInclude Include="External\CommonUtilities\Utility\UtilityFunctions.hpp">
      <Filter>Header Files</Filter>
    </ClInclude>
    <ClInclude Include="External\CommonUtilities\Math\Vector\Vector4.hpp">
      <Filter>Header Files</Filter>
    </ClInclude>
    <ClInclude Include="External\CommonUtilities\Math\Vector\Vector.hpp">
      <Filter>Header Files</Filter>
    </ClInclude>
    <ClInclude Include="External\CommonUtilities\Math\Vector\Vector2.hpp">
      <Filter>Header Files</Filter>
    </ClInclude>
    <ClInclude Include="External\CommonUtilities\Math\Vector\Vector3.hpp">
      <Filter>Header Files</Filter>
    </ClInclude>
    <ClInclude Include="External\CommonUtilities\Volumes\Sphere.hpp">
      <Filter>Header Files</Filter>
    </ClInclude>
    <ClInclude Include="External\CommonUtilities\Volumes\AABB2D.hpp">
      <Filter>Header Files</Filter>
    </ClInclude>
    <ClInclude Include="External\CommonUtilities\Volumes\AABB3D.hpp">
      <Filter>Header Files</Filter>
    </ClInclude>
    <ClInclude Include="External\CommonUtilities\Volumes\Circle.hpp">
      <Filter>Header Files</Filter>
    </ClInclude>
    <ClInclude Include="External\CommonUtilities\Intersections\Intersection.hpp">
      <Filter>Header Files</Filter>
    </ClInclude>
    <ClInclude Include="External\CommonUtilities\Volumes\Line.hpp">
      <Filter>Header Files</Filter>
    </ClInclude>
    <ClInclude Include="External\CommonUtilities\Volumes\Plane.hpp">
      <Filter>Header Files</Filter>
    </ClInclude>
    <ClInclude Include="External\CommonUtilities\Volumes\Ray.hpp">
      <Filter>Header Files</Filter>
    </ClInclude>
    <ClInclude Include="Source\colliders\BoxCollider\BoxCollider.h">
      <Filter>Header Files</Filter>
    </ClInclude>
    <ClInclude Include="Source\colliders\CircleCollider\CircleCollider.h">
      <Filter>Header Files</Filter>
    </ClInclude>
    <ClInclude Include="Source\colliders\LineCollider\LineCollider.h">
      <Filter>Header Files</Filter>
    </ClInclude>
    <ClInclude Include="Source\factories\ColliderFactory.h">
      <Filter>Header Files</Filter>
    </ClInclude>
    <ClInclude Include="External\CommonUtilities\Volumes\LineVolume.hpp">
      <Filter>Header Files</Filter>
    </ClInclude>
    <ClInclude Include="External\CommonUtilities\Volumes\PlaneVolume.hpp">
      <Filter>Header Files</Filter>
    </ClInclude>
    <ClInclude Include="External\CommonUtilities\Math\Matrices\Matrix3x3.hpp">
      <Filter>Header Files</Filter>
    </ClInclude>
    <ClInclude Include="External\CommonUtilities\Math\Matrices\Matrix4x4.hpp">
      <Filter>Header Files</Filter>
    </ClInclude>
    <ClInclude Include="Source\enums\eInput.h">
      <Filter>Header Files</Filter>
    </ClInclude>
    <ClInclude Include="Source\communication\subscribers\InputSubscriber.h">
      <Filter>Header Files</Filter>
    </ClInclude>
    <ClInclude Include="Source\factories\GuiFactory.h">
      <Filter>Header Files</Filter>
    </ClInclude>
    <ClInclude Include="Source\factories\ObstacleFactory.h">
      <Filter>Header Files</Filter>
    </ClInclude>
    <ClInclude Include="Source\systems\ParticleSystem.h">
      <Filter>Header Files</Filter>
    </ClInclude>
    <ClInclude Include="Source\enums\ePickupType.h">
      <Filter>Header Files</Filter>
    </ClInclude>
    <ClInclude Include="Source\effects\Effect.h">
      <Filter>Header Files</Filter>
    </ClInclude>
    <ClInclude Include="Source\effects\Effects.h">
      <Filter>Header Files</Filter>
    </ClInclude>
    <ClInclude Include="External\CommonUtilities\DataStructures\Non-Linear\Trees\Quadtree\Quadtree.h">
      <Filter>Header Files</Filter>
    </ClInclude>
    <ClInclude Include="External\CommonUtilities\DataStructures\Non-Linear\Trees\BSTSet.hpp">
      <Filter>Header Files</Filter>
    </ClInclude>
    <ClInclude Include="Source\map\Tilemap.h">
      <Filter>Header Files</Filter>
    </ClInclude>
    <ClInclude Include="Source\map\Tile.h">
      <Filter>Header Files</Filter>
    </ClInclude>
    <ClInclude Include="External\CommonUtilities\Volumes\Volumes.hpp">
      <Filter>Header Files</Filter>
    </ClInclude>
  </ItemGroup>
  <ItemGroup>
    <None Include="Assets\Json\Settings.json" />
    <None Include="Assets\Json\Agents.json" />
    <None Include="Assets\Json\Bullets.json" />
    <None Include="Assets\Json\Weapons.json" />
    <None Include="Assets\Json\Levels.json" />
    <None Include="Assets\Json\Interfaces.json" />
    <None Include="Assets\Json\Pickups.json" />
    <None Include="Assets\Json\Textures.json" />
  </ItemGroup>
  <ItemGroup>
    <Image Include="Assets\Textures\Background_Space.png">
      <Filter>Resource Files</Filter>
    </Image>
    <Image Include="Assets\Textures\Space.png">
      <Filter>Resource Files</Filter>
    </Image>
    <Image Include="Assets\Textures\backgroundColor.png">
      <Filter>Resource Files</Filter>
    </Image>
    <Image Include="Assets\Textures\laserGreen.png">
      <Filter>Resource Files</Filter>
    </Image>
    <Image Include="Assets\Textures\laserRed.png">
      <Filter>Resource Files</Filter>
    </Image>
    <Image Include="Assets\Textures\nebula.png">
      <Filter>Resource Files</Filter>
    </Image>
    <Image Include="Assets\Textures\player.png">
      <Filter>Resource Files</Filter>
    </Image>
    <Image Include="Assets\Textures\playerDamaged.png">
      <Filter>Resource Files</Filter>
    </Image>
    <Image Include="Assets\Textures\playerLeft.png">
      <Filter>Resource Files</Filter>
    </Image>
    <Image Include="Assets\Textures\playerRight.png">
      <Filter>Resource Files</Filter>
    </Image>
    <Image Include="Assets\Textures\shield.png">
      <Filter>Resource Files</Filter>
    </Image>
    <Image Include="Assets\Textures\Ship.png">
      <Filter>Resource Files</Filter>
    </Image>
    <Image Include="Assets\Textures\starBackground.png">
      <Filter>Resource Files</Filter>
    </Image>
  </ItemGroup>
  <ItemGroup>
    <Text Include="Source\Todo.txt" />
  </ItemGroup>
</Project>